// !$*UTF8*$!
{
	archiveVersion = 1;
	classes = {
	};
	objectVersion = 48;
	objects = {

/* Begin PBXBuildFile section */
		9144A1461FAC4365006E6303 /* AppDelegate.swift in Sources */ = {isa = PBXBuildFile; fileRef = 9144A1451FAC4365006E6303 /* AppDelegate.swift */; };
		9144A1481FAC4365006E6303 /* ViewController.swift in Sources */ = {isa = PBXBuildFile; fileRef = 9144A1471FAC4365006E6303 /* ViewController.swift */; };
		9144A14B1FAC4365006E6303 /* Main.storyboard in Resources */ = {isa = PBXBuildFile; fileRef = 9144A1491FAC4365006E6303 /* Main.storyboard */; };
		9144A14D1FAC4365006E6303 /* Assets.xcassets in Resources */ = {isa = PBXBuildFile; fileRef = 9144A14C1FAC4365006E6303 /* Assets.xcassets */; };
		9144A1501FAC4365006E6303 /* LaunchScreen.storyboard in Resources */ = {isa = PBXBuildFile; fileRef = 9144A14E1FAC4365006E6303 /* LaunchScreen.storyboard */; };
		9144A15B1FAC45F0006E6303 /* TableViewCell.swift in Sources */ = {isa = PBXBuildFile; fileRef = 9144A1591FAC45F0006E6303 /* TableViewCell.swift */; };
		9144A15C1FAC45F0006E6303 /* TableViewCell.xib in Resources */ = {isa = PBXBuildFile; fileRef = 9144A15A1FAC45F0006E6303 /* TableViewCell.xib */; };
/* End PBXBuildFile section */

/* Begin PBXFileReference section */
		9144A1421FAC4365006E6303 /* TableWithSections.app */ = {isa = PBXFileReference; explicitFileType = wrapper.application; includeInIndex = 0; path = TableWithSections.app; sourceTree = BUILT_PRODUCTS_DIR; };
		9144A1451FAC4365006E6303 /* AppDelegate.swift */ = {isa = PBXFileReference; lastKnownFileType = sourcecode.swift; path = AppDelegate.swift; sourceTree = "<group>"; };
		9144A1471FAC4365006E6303 /* ViewController.swift */ = {isa = PBXFileReference; lastKnownFileType = sourcecode.swift; path = ViewController.swift; sourceTree = "<group>"; };
		9144A14A1FAC4365006E6303 /* Base */ = {isa = PBXFileReference; lastKnownFileType = file.storyboard; name = Base; path = Base.lproj/Main.storyboard; sourceTree = "<group>"; };
		9144A14C1FAC4365006E6303 /* Assets.xcassets */ = {isa = PBXFileReference; lastKnownFileType = folder.assetcatalog; path = Assets.xcassets; sourceTree = "<group>"; };
		9144A14F1FAC4365006E6303 /* Base */ = {isa = PBXFileReference; lastKnownFileType = file.storyboard; name = Base; path = Base.lproj/LaunchScreen.storyboard; sourceTree = "<group>"; };
		9144A1511FAC4365006E6303 /* Info.plist */ = {isa = PBXFileReference; lastKnownFileType = text.plist.xml; path = Info.plist; sourceTree = "<group>"; };
		9144A1591FAC45F0006E6303 /* TableViewCell.swift */ = {isa = PBXFileReference; lastKnownFileType = sourcecode.swift; path = TableViewCell.swift; sourceTree = "<group>"; };
		9144A15A1FAC45F0006E6303 /* TableViewCell.xib */ = {isa = PBXFileReference; lastKnownFileType = file.xib; path = TableViewCell.xib; sourceTree = "<group>"; };
/* End PBXFileReference section */

/* Begin PBXFrameworksBuildPhase section */
		9144A13F1FAC4365006E6303 /* Frameworks */ = {
			isa = PBXFrameworksBuildPhase;
			buildActionMask = 2147483647;
			files = (
			);
			runOnlyForDeploymentPostprocessing = 0;
		};
/* End PBXFrameworksBuildPhase section */

/* Begin PBXGroup section */
		9144A1391FAC4364006E6303 = {
			isa = PBXGroup;
			children = (
				9144A1441FAC4365006E6303 /* TableWithSections */,
				9144A1431FAC4365006E6303 /* Products */,
			);
			sourceTree = "<group>";
		};
		9144A1431FAC4365006E6303 /* Products */ = {
			isa = PBXGroup;
			children = (
				9144A1421FAC4365006E6303 /* TableWithSections.app */,
			);
			name = Products;
			sourceTree = "<group>";
		};
		9144A1441FAC4365006E6303 /* TableWithSections */ = {
			isa = PBXGroup;
			children = (
				9144A1451FAC4365006E6303 /* AppDelegate.swift */,
				9144A1471FAC4365006E6303 /* ViewController.swift */,
				9144A1491FAC4365006E6303 /* Main.storyboard */,
				9144A14C1FAC4365006E6303 /* Assets.xcassets */,
				9144A14E1FAC4365006E6303 /* LaunchScreen.storyboard */,
				9144A1511FAC4365006E6303 /* Info.plist */,
				9144A1591FAC45F0006E6303 /* TableViewCell.swift */,
				9144A15A1FAC45F0006E6303 /* TableViewCell.xib */,
			);
			path = TableWithSections;
			sourceTree = "<group>";
		};
/* End PBXGroup section */

/* Begin PBXNativeTarget section */
		9144A1411FAC4365006E6303 /* TableWithSections */ = {
			isa = PBXNativeTarget;
			buildConfigurationList = 9144A1541FAC4365006E6303 /* Build configuration list for PBXNativeTarget "TableWithSections" */;
			buildPhases = (
				9144A13E1FAC4365006E6303 /* Sources */,
				9144A13F1FAC4365006E6303 /* Frameworks */,
				9144A1401FAC4365006E6303 /* Resources */,
			);
			buildRules = (
			);
			dependencies = (
			);
			name = TableWithSections;
			productName = TableWithSections;
			productReference = 9144A1421FAC4365006E6303 /* TableWithSections.app */;
			productType = "com.apple.product-type.application";
		};
/* End PBXNativeTarget section */

/* Begin PBXProject section */
		9144A13A1FAC4364006E6303 /* Project object */ = {
			isa = PBXProject;
			attributes = {
				LastSwiftUpdateCheck = 0910;
				LastUpgradeCheck = 0910;
				ORGANIZATIONNAME = iOSDeveloper;
				TargetAttributes = {
					9144A1411FAC4365006E6303 = {
						CreatedOnToolsVersion = 9.1;
						ProvisioningStyle = Automatic;
					};
				};
			};
			buildConfigurationList = 9144A13D1FAC4364006E6303 /* Build configuration list for PBXProject "TableWithSections" */;
			compatibilityVersion = "Xcode 8.0";
			developmentRegion = en;
			hasScannedForEncodings = 0;
			knownRegions = (
				en,
				Base,
			);
			mainGroup = 9144A1391FAC4364006E6303;
			productRefGroup = 9144A1431FAC4365006E6303 /* Products */;
			projectDirPath = "";
			projectRoot = "";
			targets = (
				9144A1411FAC4365006E6303 /* TableWithSections */,
			);
		};
/* End PBXProject section */

/* Begin PBXResourcesBuildPhase section */
		9144A1401FAC4365006E6303 /* Resources */ = {
			isa = PBXResourcesBuildPhase;
			buildActionMask = 2147483647;
			files = (
				9144A1501FAC4365006E6303 /* LaunchScreen.storyboard in Resources */,
				9144A15C1FAC45F0006E6303 /* TableViewCell.xib in Resources */,
				9144A14D1FAC4365006E6303 /* Assets.xcassets in Resources */,
				9144A14B1FAC4365006E6303 /* Main.storyboard in Resources */,
			);
			runOnlyForDeploymentPostprocessing = 0;
		};
/* End PBXResourcesBuildPhase section */

/* Begin PBXSourcesBuildPhase section */
		9144A13E1FAC4365006E6303 /* Sources */ = {
			isa = PBXSourcesBuildPhase;
			buildActionMask = 2147483647;
			files = (
				9144A15B1FAC45F0006E6303 /* TableViewCell.swift in Sources */,
				9144A1481FAC4365006E6303 /* ViewController.swift in Sources */,
				9144A1461FAC4365006E6303 /* AppDelegate.swift in Sources */,
			);
			runOnlyForDeploymentPostprocessing = 0;
		};
/* End PBXSourcesBuildPhase section */

/* Begin PBXVariantGroup section */
		9144A1491FAC4365006E6303 /* Main.storyboard */ = {
			isa = PBXVariantGroup;
			children = (
				9144A14A1FAC4365006E6303 /* Base */,
			);
			name = Main.storyboard;
			sourceTree = "<group>";
		};
		9144A14E1FAC4365006E6303 /* LaunchScreen.storyboard */ = {
			isa = PBXVariantGroup;
			children = (
				9144A14F1FAC4365006E6303 /* Base */,
			);
			name = LaunchScreen.storyboard;
			sourceTree = "<group>";
		};
/* End PBXVariantGroup section */

/* Begin XCBuildConfiguration section */
		9144A1521FAC4365006E6303 /* Debug */ = {
			isa = XCBuildConfiguration;
			buildSettings = {
				ALWAYS_SEARCH_USER_PATHS = NO;
				CLANG_ANALYZER_NONNULL = YES;
				CLANG_ANALYZER_NUMBER_OBJECT_CONVERSION = YES_AGGRESSIVE;
				CLANG_CXX_LANGUAGE_STANDARD = "gnu++14";
				CLANG_CXX_LIBRARY = "libc++";
				CLANG_ENABLE_MODULES = YES;
				CLANG_ENABLE_OBJC_ARC = YES;
				CLANG_WARN_BLOCK_CAPTURE_AUTORELEASING = YES;
				CLANG_WARN_BOOL_CONVERSION = YES;
				CLANG_WARN_COMMA = YES;
				CLANG_WARN_CONSTANT_CONVERSION = YES;
				CLANG_WARN_DIRECT_OBJC_ISA_USAGE = YES_ERROR;
				CLANG_WARN_DOCUMENTATION_COMMENTS = YES;
				CLANG_WARN_EMPTY_BODY = YES;
				CLANG_WARN_ENUM_CONVERSION = YES;
				CLANG_WARN_INFINITE_RECURSION = YES;
				CLANG_WARN_INT_CONVERSION = YES;
				CLANG_WARN_NON_LITERAL_NULL_CONVERSION = YES;
				CLANG_WARN_OBJC_LITERAL_CONVERSION = YES;
				CLANG_WARN_OBJC_ROOT_CLASS = YES_ERROR;
				CLANG_WARN_RANGE_LOOP_ANALYSIS = YES;
				CLANG_WARN_STRICT_PROTOTYPES = YES;
				CLANG_WARN_SUSPICIOUS_MOVE = YES;
				CLANG_WARN_UNGUARDED_AVAILABILITY = YES_AGGRESSIVE;
				CLANG_WARN_UNREACHABLE_CODE = YES;
				CLANG_WARN__DUPLICATE_METHOD_MATCH = YES;
				CODE_SIGN_IDENTITY = "iPhone Developer";
				COPY_PHASE_STRIP = NO;
				DEBUG_INFORMATION_FORMAT = dwarf;
				ENABLE_STRICT_OBJC_MSGSEND = YES;
				ENABLE_TESTABILITY = YES;
				GCC_C_LANGUAGE_STANDARD = gnu11;
				GCC_DYNAMIC_NO_PIC = NO;
				GCC_NO_COMMON_BLOCKS = YES;
				GCC_OPTIMIZATION_LEVEL = 0;
				GCC_PREPROCESSOR_DEFINITIONS = (
					"DEBUG=1",
					"$(inherited)",
				);
				GCC_WARN_64_TO_32_BIT_CONVERSION = YES;
				GCC_WARN_ABOUT_RETURN_TYPE = YES_ERROR;
				GCC_WARN_UNDECLARED_SELECTOR = YES;
				GCC_WARN_UNINITIALIZED_AUTOS = YES_AGGRESSIVE;
				GCC_WARN_UNUSED_FUNCTION = YES;
				GCC_WARN_UNUSED_VARIABLE = YES;
				IPHONEOS_DEPLOYMENT_TARGET = 11.1;
				MTL_ENABLE_DEBUG_INFO = YES;
				ONLY_ACTIVE_ARCH = YES;
				SDKROOT = iphoneos;
				SWIFT_ACTIVE_COMPILATION_CONDITIONS = DEBUG;
				SWIFT_OPTIMIZATION_LEVEL = "-Onone";
			};
			name = Debug;
		};
		9144A1531FAC4365006E6303 /* Release */ = {
			isa = XCBuildConfiguration;
			buildSettings = {
				ALWAYS_SEARCH_USER_PATHS = NO;
				CLANG_ANALYZER_NONNULL = YES;
				CLANG_ANALYZER_NUMBER_OBJECT_CONVERSION = YES_AGGRESSIVE;
				CLANG_CXX_LANGUAGE_STANDARD = "gnu++14";
				CLANG_CXX_LIBRARY = "libc++";
				CLANG_ENABLE_MODULES = YES;
				CLANG_ENABLE_OBJC_ARC = YES;
				CLANG_WARN_BLOCK_CAPTURE_AUTORELEASING = YES;
				CLANG_WARN_BOOL_CONVERSION = YES;
				CLANG_WARN_COMMA = YES;
				CLANG_WARN_CONSTANT_CONVERSION = YES;
				CLANG_WARN_DIRECT_OBJC_ISA_USAGE = YES_ERROR;
				CLANG_WARN_DOCUMENTATION_COMMENTS = YES;
				CLANG_WARN_EMPTY_BODY = YES;
				CLANG_WARN_ENUM_CONVERSION = YES;
				CLANG_WARN_INFINITE_RECURSION = YES;
				CLANG_WARN_INT_CONVERSION = YES;
				CLANG_WARN_NON_LITERAL_NULL_CONVERSION = YES;
				CLANG_WARN_OBJC_LITERAL_CONVERSION = YES;
				CLANG_WARN_OBJC_ROOT_CLASS = YES_ERROR;
				CLANG_WARN_RANGE_LOOP_ANALYSIS = YES;
				CLANG_WARN_STRICT_PROTOTYPES = YES;
				CLANG_WARN_SUSPICIOUS_MOVE = YES;
				CLANG_WARN_UNGUARDED_AVAILABILITY = YES_AGGRESSIVE;
				CLANG_WARN_UNREACHABLE_CODE = YES;
				CLANG_WARN__DUPLICATE_METHOD_MATCH = YES;
				CODE_SIGN_IDENTITY = "iPhone Developer";
				COPY_PHASE_STRIP = NO;
				DEBUG_INFORMATION_FORMAT = "dwarf-with-dsym";
				ENABLE_NS_ASSERTIONS = NO;
				ENABLE_STRICT_OBJC_MSGSEND = YES;
				GCC_C_LANGUAGE_STANDARD = gnu11;
				GCC_NO_COMMON_BLOCKS = YES;
				GCC_WARN_64_TO_32_BIT_CONVERSION = YES;
				GCC_WARN_ABOUT_RETURN_TYPE = YES_ERROR;
				GCC_WARN_UNDECLARED_SELECTOR = YES;
				GCC_WARN_UNINITIALIZED_AUTOS = YES_AGGRESSIVE;
				GCC_WARN_UNUSED_FUNCTION = YES;
				GCC_WARN_UNUSED_VARIABLE = YES;
				IPHONEOS_DEPLOYMENT_TARGET = 11.1;
				MTL_ENABLE_DEBUG_INFO = NO;
				SDKROOT = iphoneos;
				SWIFT_OPTIMIZATION_LEVEL = "-Owholemodule";
				VALIDATE_PRODUCT = YES;
			};
			name = Release;
		};
		9144A1551FAC4365006E6303 /* Debug */ = {
			isa = XCBuildConfiguration;
			buildSettings = {
				ASSETCATALOG_COMPILER_APPICON_NAME = AppIcon;
				CODE_SIGN_STYLE = Automatic;
				INFOPLIST_FILE = TableWithSections/Info.plist;
				LD_RUNPATH_SEARCH_PATHS = "$(inherited) @executable_path/Frameworks";
				PRODUCT_BUNDLE_IDENTIFIER = com.Bulsa.TableWithSections;
				PRODUCT_NAME = "$(TARGET_NAME)";
				SWIFT_VERSION = 4.0;
				TARGETED_DEVICE_FAMILY = "1,2";
			};
			name = Debug;
		};
		9144A1561FAC4365006E6303 /* Release */ = {
			isa = XCBuildConfiguration;
			buildSettings = {
				ASSETCATALOG_COMPILER_APPICON_NAME = AppIcon;
				CODE_SIGN_STYLE = Automatic;
				INFOPLIST_FILE = TableWithSections/Info.plist;
				LD_RUNPATH_SEARCH_PATHS = "$(inherited) @executable_path/Frameworks";
				PRODUCT_BUNDLE_IDENTIFIER = com.Bulsa.TableWithSections;
				PRODUCT_NAME = "$(TARGET_NAME)";
				SWIFT_VERSION = 4.0;
				TARGETED_DEVICE_FAMILY = "1,2";
			};
			name = Release;
		};
/* End XCBuildConfiguration section */

/* Begin XCConfigurationList section */
		9144A13D1FAC4364006E6303 /* Build configuration list for PBXProject "TableWithSections" */ = {
			isa = XCConfigurationList;
			buildConfigurations = (
				9144A1521FAC4365006E6303 /* Debug */,
				9144A1531FAC4365006E6303 /* Release */,
			);
			defaultConfigurationIsVisible = 0;
			defaultConfigurationName = Release;
		};
		9144A1541FAC4365006E6303 /* Build configuration list for PBXNativeTarget "TableWithSections" */ = {
			isa = XCConfigurationList;
			buildConfigurations = (
				9144A1551FAC4365006E6303 /* Debug */,
				9144A1561FAC4365006E6303 /* Release */,
			);
			defaultConfigurationIsVisible = 0;
			defaultConfigurationName = Release;
		};
/* End XCConfigurationList section */
	};
	rootObject = 9144A13A1FAC4364006E6303 /* Project object */;
}
